
Microsoft Visual Studio Solution File, Format Version 12.00
# Visual Studio Version 17
VisualStudioVersion = 17.8.34330.188
MinimumVisualStudioVersion = 10.0.40219.1
Project("{FAE04EC0-301F-11D3-BF4B-00C04F79EFBC}") = "InventoryTracker", "InventoryTracker.csproj", "{DB60ECD3-54D5-430C-AD57-D88F75C0538A}"
EndProject
Global
	GlobalSection(SolutionConfigurationPlatforms) = preSolution
		Debug|Any CPU = Debug|Any CPU
		Release|Any CPU = Release|Any CPU
	EndGlobalSection
	GlobalSection(ProjectConfigurationPlatforms) = postSolution
		{DB60ECD3-54D5-430C-AD57-D88F75C0538A}.Debug|Any CPU.ActiveCfg = Debug|Any CPU
		{DB60ECD3-54D5-430C-AD57-D88F75C0538A}.Debug|Any CPU.Build.0 = Debug|Any CPU
		{DB60ECD3-54D5-430C-AD57-D88F75C0538A}.Release|Any CPU.ActiveCfg = Release|Any CPU
		{DB60ECD3-54D5-430C-AD57-D88F75C0538A}.Release|Any CPU.Build.0 = Release|Any CPU
	EndGlobalSection
	GlobalSection(SolutionProperties) = preSolution
		HideSolutionNode = FALSE
	EndGlobalSection
	GlobalSection(ExtensibilityGlobals) = postSolution
		SolutionGuid = {2F6D4BDC-7C59-4C9D-9FE0-543EB872D05F}
	EndGlobalSection
EndGlobal
